// !$*UTF8*$!
{
	archiveVersion = 1;
	classes = {
	};
	objectVersion = 56;
	objects = {

/* Begin PBXBuildFile section */
		F25C786C2CCB6AEA002D8D9B /* AppDelegate.swift in Sources */ = {isa = PBXBuildFile; fileRef = F25C786B2CCB6AEA002D8D9B /* AppDelegate.swift */; };
		F25C78752CCB6AEB002D8D9B /* Assets.xcassets in Resources */ = {isa = PBXBuildFile; fileRef = F25C78742CCB6AEB002D8D9B /* Assets.xcassets */; };
		F25C78782CCB6AEB002D8D9B /* LaunchScreen.storyboard in Resources */ = {isa = PBXBuildFile; fileRef = F25C78762CCB6AEB002D8D9B /* LaunchScreen.storyboard */; };
		F25C78812CCB6B86002D8D9B /* StartService.swift in Sources */ = {isa = PBXBuildFile; fileRef = F25C78802CCB6B86002D8D9B /* StartService.swift */; };
		F25C78862CCB6C6C002D8D9B /* NewsListViewController.swift in Sources */ = {isa = PBXBuildFile; fileRef = F25C78852CCB6C6C002D8D9B /* NewsListViewController.swift */; };
		F25C78892CCB6D14002D8D9B /* NewsListView.swift in Sources */ = {isa = PBXBuildFile; fileRef = F25C78882CCB6D14002D8D9B /* NewsListView.swift */; };
		F25C788B2CCC0F8F002D8D9B /* WebService.swift in Sources */ = {isa = PBXBuildFile; fileRef = F25C788A2CCC0F8F002D8D9B /* WebService.swift */; };
		F25C788E2CCCEB89002D8D9B /* Article.swift in Sources */ = {isa = PBXBuildFile; fileRef = F25C788D2CCCEB89002D8D9B /* Article.swift */; };
		F25C78912CCCEEEE002D8D9B /* ArticleViewModel.swift in Sources */ = {isa = PBXBuildFile; fileRef = F25C78902CCCEEEE002D8D9B /* ArticleViewModel.swift */; };
		F25C78942CCCF5F3002D8D9B /* ArticleTableViewCell.swift in Sources */ = {isa = PBXBuildFile; fileRef = F25C78932CCCF5F3002D8D9B /* ArticleTableViewCell.swift */; };
/* End PBXBuildFile section */

/* Begin PBXFileReference section */
		F25C78682CCB6AEA002D8D9B /* GoodNews.app */ = {isa = PBXFileReference; explicitFileType = wrapper.application; includeInIndex = 0; path = GoodNews.app; sourceTree = BUILT_PRODUCTS_DIR; };
		F25C786B2CCB6AEA002D8D9B /* AppDelegate.swift */ = {isa = PBXFileReference; lastKnownFileType = sourcecode.swift; path = AppDelegate.swift; sourceTree = "<group>"; };
		F25C78742CCB6AEB002D8D9B /* Assets.xcassets */ = {isa = PBXFileReference; lastKnownFileType = folder.assetcatalog; path = Assets.xcassets; sourceTree = "<group>"; };
		F25C78772CCB6AEB002D8D9B /* Base */ = {isa = PBXFileReference; lastKnownFileType = file.storyboard; name = Base; path = Base.lproj/LaunchScreen.storyboard; sourceTree = "<group>"; };
		F25C78792CCB6AEB002D8D9B /* Info.plist */ = {isa = PBXFileReference; lastKnownFileType = text.plist.xml; path = Info.plist; sourceTree = "<group>"; };
		F25C78802CCB6B86002D8D9B /* StartService.swift */ = {isa = PBXFileReference; lastKnownFileType = sourcecode.swift; path = StartService.swift; sourceTree = "<group>"; };
		F25C78852CCB6C6C002D8D9B /* NewsListViewController.swift */ = {isa = PBXFileReference; lastKnownFileType = sourcecode.swift; path = NewsListViewController.swift; sourceTree = "<group>"; };
		F25C78882CCB6D14002D8D9B /* NewsListView.swift */ = {isa = PBXFileReference; lastKnownFileType = sourcecode.swift; path = NewsListView.swift; sourceTree = "<group>"; };
		F25C788A2CCC0F8F002D8D9B /* WebService.swift */ = {isa = PBXFileReference; lastKnownFileType = sourcecode.swift; path = WebService.swift; sourceTree = "<group>"; };
		F25C788D2CCCEB89002D8D9B /* Article.swift */ = {isa = PBXFileReference; lastKnownFileType = sourcecode.swift; path = Article.swift; sourceTree = "<group>"; };
		F25C78902CCCEEEE002D8D9B /* ArticleViewModel.swift */ = {isa = PBXFileReference; lastKnownFileType = sourcecode.swift; path = ArticleViewModel.swift; sourceTree = "<group>"; };
		F25C78932CCCF5F3002D8D9B /* ArticleTableViewCell.swift */ = {isa = PBXFileReference; lastKnownFileType = sourcecode.swift; path = ArticleTableViewCell.swift; sourceTree = "<group>"; };
/* End PBXFileReference section */

/* Begin PBXFrameworksBuildPhase section */
		F25C78652CCB6AEA002D8D9B /* Frameworks */ = {
			isa = PBXFrameworksBuildPhase;
			buildActionMask = 2147483647;
			files = (
			);
			runOnlyForDeploymentPostprocessing = 0;
		};
/* End PBXFrameworksBuildPhase section */

/* Begin PBXGroup section */
		F25C785F2CCB6AEA002D8D9B = {
			isa = PBXGroup;
			children = (
				F25C786A2CCB6AEA002D8D9B /* GoodNews */,
				F25C78692CCB6AEA002D8D9B /* Products */,
			);
			sourceTree = "<group>";
		};
		F25C78692CCB6AEA002D8D9B /* Products */ = {
			isa = PBXGroup;
			children = (
				F25C78682CCB6AEA002D8D9B /* GoodNews.app */,
			);
			name = Products;
			sourceTree = "<group>";
		};
		F25C786A2CCB6AEA002D8D9B /* GoodNews */ = {
			isa = PBXGroup;
			children = (
				F25C78922CCCF5E3002D8D9B /* Cells */,
				F25C788F2CCCEEA0002D8D9B /* ViewModels */,
				F25C788C2CCCEB81002D8D9B /* Models */,
				F25C78842CCB6C60002D8D9B /* Controllers */,
				F25C787F2CCB6B76002D8D9B /* Services */,
				F25C786B2CCB6AEA002D8D9B /* AppDelegate.swift */,
				F25C78742CCB6AEB002D8D9B /* Assets.xcassets */,
				F25C78762CCB6AEB002D8D9B /* LaunchScreen.storyboard */,
				F25C78792CCB6AEB002D8D9B /* Info.plist */,
			);
			path = GoodNews;
			sourceTree = "<group>";
		};
		F25C787F2CCB6B76002D8D9B /* Services */ = {
			isa = PBXGroup;
			children = (
				F25C78802CCB6B86002D8D9B /* StartService.swift */,
				F25C788A2CCC0F8F002D8D9B /* WebService.swift */,
			);
			path = Services;
			sourceTree = "<group>";
		};
		F25C78842CCB6C60002D8D9B /* Controllers */ = {
			isa = PBXGroup;
			children = (
				F25C78872CCB6CFD002D8D9B /* NewsList */,
			);
			path = Controllers;
			sourceTree = "<group>";
		};
		F25C78872CCB6CFD002D8D9B /* NewsList */ = {
			isa = PBXGroup;
			children = (
				F25C78852CCB6C6C002D8D9B /* NewsListViewController.swift */,
				F25C78882CCB6D14002D8D9B /* NewsListView.swift */,
			);
			path = NewsList;
			sourceTree = "<group>";
		};
		F25C788C2CCCEB81002D8D9B /* Models */ = {
			isa = PBXGroup;
			children = (
				F25C788D2CCCEB89002D8D9B /* Article.swift */,
			);
			path = Models;
			sourceTree = "<group>";
		};
		F25C788F2CCCEEA0002D8D9B /* ViewModels */ = {
			isa = PBXGroup;
			children = (
				F25C78902CCCEEEE002D8D9B /* ArticleViewModel.swift */,
			);
			path = ViewModels;
			sourceTree = "<group>";
		};
		F25C78922CCCF5E3002D8D9B /* Cells */ = {
			isa = PBXGroup;
			children = (
				F25C78932CCCF5F3002D8D9B /* ArticleTableViewCell.swift */,
			);
			path = Cells;
			sourceTree = "<group>";
		};
/* End PBXGroup section */

/* Begin PBXNativeTarget section */
		F25C78672CCB6AEA002D8D9B /* GoodNews */ = {
			isa = PBXNativeTarget;
			buildConfigurationList = F25C787C2CCB6AEB002D8D9B /* Build configuration list for PBXNativeTarget "GoodNews" */;
			buildPhases = (
				F25C78642CCB6AEA002D8D9B /* Sources */,
				F25C78652CCB6AEA002D8D9B /* Frameworks */,
				F25C78662CCB6AEA002D8D9B /* Resources */,
			);
			buildRules = (
			);
			dependencies = (
			);
			name = GoodNews;
			productName = GoodNews;
			productReference = F25C78682CCB6AEA002D8D9B /* GoodNews.app */;
			productType = "com.apple.product-type.application";
		};
/* End PBXNativeTarget section */

/* Begin PBXProject section */
		F25C78602CCB6AEA002D8D9B /* Project object */ = {
			isa = PBXProject;
			attributes = {
				BuildIndependentTargetsInParallel = 1;
				LastSwiftUpdateCheck = 1500;
				LastUpgradeCheck = 1500;
				TargetAttributes = {
					F25C78672CCB6AEA002D8D9B = {
						CreatedOnToolsVersion = 15.0;
					};
				};
			};
			buildConfigurationList = F25C78632CCB6AEA002D8D9B /* Build configuration list for PBXProject "GoodNews" */;
			compatibilityVersion = "Xcode 14.0";
			developmentRegion = en;
			hasScannedForEncodings = 0;
			knownRegions = (
				en,
				Base,
			);
			mainGroup = F25C785F2CCB6AEA002D8D9B;
			productRefGroup = F25C78692CCB6AEA002D8D9B /* Products */;
			projectDirPath = "";
			projectRoot = "";
			targets = (
				F25C78672CCB6AEA002D8D9B /* GoodNews */,
			);
		};
/* End PBXProject section */

/* Begin PBXResourcesBuildPhase section */
		F25C78662CCB6AEA002D8D9B /* Resources */ = {
			isa = PBXResourcesBuildPhase;
			buildActionMask = 2147483647;
			files = (
				F25C78782CCB6AEB002D8D9B /* LaunchScreen.storyboard in Resources */,
				F25C78752CCB6AEB002D8D9B /* Assets.xcassets in Resources */,
			);
			runOnlyForDeploymentPostprocessing = 0;
		};
/* End PBXResourcesBuildPhase section */

/* Begin PBXSourcesBuildPhase section */
		F25C78642CCB6AEA002D8D9B /* Sources */ = {
			isa = PBXSourcesBuildPhase;
			buildActionMask = 2147483647;
			files = (
				F25C78862CCB6C6C002D8D9B /* NewsListViewController.swift in Sources */,
				F25C78892CCB6D14002D8D9B /* NewsListView.swift in Sources */,
				F25C788E2CCCEB89002D8D9B /* Article.swift in Sources */,
				F25C78812CCB6B86002D8D9B /* StartService.swift in Sources */,
				F25C78942CCCF5F3002D8D9B /* ArticleTableViewCell.swift in Sources */,
				F25C788B2CCC0F8F002D8D9B /* WebService.swift in Sources */,
				F25C78912CCCEEEE002D8D9B /* ArticleViewModel.swift in Sources */,
				F25C786C2CCB6AEA002D8D9B /* AppDelegate.swift in Sources */,
			);
			runOnlyForDeploymentPostprocessing = 0;
		};
/* End PBXSourcesBuildPhase section */

/* Begin PBXVariantGroup section */
		F25C78762CCB6AEB002D8D9B /* LaunchScreen.storyboard */ = {
			isa = PBXVariantGroup;
			children = (
				F25C78772CCB6AEB002D8D9B /* Base */,
			);
			name = LaunchScreen.storyboard;
			sourceTree = "<group>";
		};
/* End PBXVariantGroup section */

/* Begin XCBuildConfiguration section */
		F25C787A2CCB6AEB002D8D9B /* Debug */ = {
			isa = XCBuildConfiguration;
			buildSettings = {
				ALWAYS_SEARCH_USER_PATHS = NO;
				ASSETCATALOG_COMPILER_GENERATE_SWIFT_ASSET_SYMBOL_EXTENSIONS = YES;
				CLANG_ANALYZER_NONNULL = YES;
				CLANG_ANALYZER_NUMBER_OBJECT_CONVERSION = YES_AGGRESSIVE;
				CLANG_CXX_LANGUAGE_STANDARD = "gnu++20";
				CLANG_ENABLE_MODULES = YES;
				CLANG_ENABLE_OBJC_ARC = YES;
				CLANG_ENABLE_OBJC_WEAK = YES;
				CLANG_WARN_BLOCK_CAPTURE_AUTORELEASING = YES;
				CLANG_WARN_BOOL_CONVERSION = YES;
				CLANG_WARN_COMMA = YES;
				CLANG_WARN_CONSTANT_CONVERSION = YES;
				CLANG_WARN_DEPRECATED_OBJC_IMPLEMENTATIONS = YES;
				CLANG_WARN_DIRECT_OBJC_ISA_USAGE = YES_ERROR;
				CLANG_WARN_DOCUMENTATION_COMMENTS = YES;
				CLANG_WARN_EMPTY_BODY = YES;
				CLANG_WARN_ENUM_CONVERSION = YES;
				CLANG_WARN_INFINITE_RECURSION = YES;
				CLANG_WARN_INT_CONVERSION = YES;
				CLANG_WARN_NON_LITERAL_NULL_CONVERSION = YES;
				CLANG_WARN_OBJC_IMPLICIT_RETAIN_SELF = YES;
				CLANG_WARN_OBJC_LITERAL_CONVERSION = YES;
				CLANG_WARN_OBJC_ROOT_CLASS = YES_ERROR;
				CLANG_WARN_QUOTED_INCLUDE_IN_FRAMEWORK_HEADER = YES;
				CLANG_WARN_RANGE_LOOP_ANALYSIS = YES;
				CLANG_WARN_STRICT_PROTOTYPES = YES;
				CLANG_WARN_SUSPICIOUS_MOVE = YES;
				CLANG_WARN_UNGUARDED_AVAILABILITY = YES_AGGRESSIVE;
				CLANG_WARN_UNREACHABLE_CODE = YES;
				CLANG_WARN__DUPLICATE_METHOD_MATCH = YES;
				COPY_PHASE_STRIP = NO;
				DEBUG_INFORMATION_FORMAT = dwarf;
				ENABLE_STRICT_OBJC_MSGSEND = YES;
				ENABLE_TESTABILITY = YES;
				ENABLE_USER_SCRIPT_SANDBOXING = YES;
				GCC_C_LANGUAGE_STANDARD = gnu17;
				GCC_DYNAMIC_NO_PIC = NO;
				GCC_NO_COMMON_BLOCKS = YES;
				GCC_OPTIMIZATION_LEVEL = 0;
				GCC_PREPROCESSOR_DEFINITIONS = (
					"DEBUG=1",
					"$(inherited)",
				);
				GCC_WARN_64_TO_32_BIT_CONVERSION = YES;
				GCC_WARN_ABOUT_RETURN_TYPE = YES_ERROR;
				GCC_WARN_UNDECLARED_SELECTOR = YES;
				GCC_WARN_UNINITIALIZED_AUTOS = YES_AGGRESSIVE;
				GCC_WARN_UNUSED_FUNCTION = YES;
				GCC_WARN_UNUSED_VARIABLE = YES;
				IPHONEOS_DEPLOYMENT_TARGET = 17.0;
				LOCALIZATION_PREFERS_STRING_CATALOGS = YES;
				MTL_ENABLE_DEBUG_INFO = INCLUDE_SOURCE;
				MTL_FAST_MATH = YES;
				ONLY_ACTIVE_ARCH = YES;
				SDKROOT = iphoneos;
				SWIFT_ACTIVE_COMPILATION_CONDITIONS = "DEBUG $(inherited)";
				SWIFT_OPTIMIZATION_LEVEL = "-Onone";
			};
			name = Debug;
		};
		F25C787B2CCB6AEB002D8D9B /* Release */ = {
			isa = XCBuildConfiguration;
			buildSettings = {
				ALWAYS_SEARCH_USER_PATHS = NO;
				ASSETCATALOG_COMPILER_GENERATE_SWIFT_ASSET_SYMBOL_EXTENSIONS = YES;
				CLANG_ANALYZER_NONNULL = YES;
				CLANG_ANALYZER_NUMBER_OBJECT_CONVERSION = YES_AGGRESSIVE;
				CLANG_CXX_LANGUAGE_STANDARD = "gnu++20";
				CLANG_ENABLE_MODULES = YES;
				CLANG_ENABLE_OBJC_ARC = YES;
				CLANG_ENABLE_OBJC_WEAK = YES;
				CLANG_WARN_BLOCK_CAPTURE_AUTORELEASING = YES;
				CLANG_WARN_BOOL_CONVERSION = YES;
				CLANG_WARN_COMMA = YES;
				CLANG_WARN_CONSTANT_CONVERSION = YES;
				CLANG_WARN_DEPRECATED_OBJC_IMPLEMENTATIONS = YES;
				CLANG_WARN_DIRECT_OBJC_ISA_USAGE = YES_ERROR;
				CLANG_WARN_DOCUMENTATION_COMMENTS = YES;
				CLANG_WARN_EMPTY_BODY = YES;
				CLANG_WARN_ENUM_CONVERSION = YES;
				CLANG_WARN_INFINITE_RECURSION = YES;
				CLANG_WARN_INT_CONVERSION = YES;
				CLANG_WARN_NON_LITERAL_NULL_CONVERSION = YES;
				CLANG_WARN_OBJC_IMPLICIT_RETAIN_SELF = YES;
				CLANG_WARN_OBJC_LITERAL_CONVERSION = YES;
				CLANG_WARN_OBJC_ROOT_CLASS = YES_ERROR;
				CLANG_WARN_QUOTED_INCLUDE_IN_FRAMEWORK_HEADER = YES;
				CLANG_WARN_RANGE_LOOP_ANALYSIS = YES;
				CLANG_WARN_STRICT_PROTOTYPES = YES;
				CLANG_WARN_SUSPICIOUS_MOVE = YES;
				CLANG_WARN_UNGUARDED_AVAILABILITY = YES_AGGRESSIVE;
				CLANG_WARN_UNREACHABLE_CODE = YES;
				CLANG_WARN__DUPLICATE_METHOD_MATCH = YES;
				COPY_PHASE_STRIP = NO;
				DEBUG_INFORMATION_FORMAT = "dwarf-with-dsym";
				ENABLE_NS_ASSERTIONS = NO;
				ENABLE_STRICT_OBJC_MSGSEND = YES;
				ENABLE_USER_SCRIPT_SANDBOXING = YES;
				GCC_C_LANGUAGE_STANDARD = gnu17;
				GCC_NO_COMMON_BLOCKS = YES;
				GCC_WARN_64_TO_32_BIT_CONVERSION = YES;
				GCC_WARN_ABOUT_RETURN_TYPE = YES_ERROR;
				GCC_WARN_UNDECLARED_SELECTOR = YES;
				GCC_WARN_UNINITIALIZED_AUTOS = YES_AGGRESSIVE;
				GCC_WARN_UNUSED_FUNCTION = YES;
				GCC_WARN_UNUSED_VARIABLE = YES;
				IPHONEOS_DEPLOYMENT_TARGET = 17.0;
				LOCALIZATION_PREFERS_STRING_CATALOGS = YES;
				MTL_ENABLE_DEBUG_INFO = NO;
				MTL_FAST_MATH = YES;
				SDKROOT = iphoneos;
				SWIFT_COMPILATION_MODE = wholemodule;
				VALIDATE_PRODUCT = YES;
			};
			name = Release;
		};
		F25C787D2CCB6AEB002D8D9B /* Debug */ = {
			isa = XCBuildConfiguration;
			buildSettings = {
				ASSETCATALOG_COMPILER_APPICON_NAME = AppIcon;
				ASSETCATALOG_COMPILER_GLOBAL_ACCENT_COLOR_NAME = AccentColor;
				CODE_SIGN_STYLE = Manual;
				CURRENT_PROJECT_VERSION = 1;
				DEVELOPMENT_TEAM = "";
				GENERATE_INFOPLIST_FILE = YES;
				INFOPLIST_FILE = GoodNews/Info.plist;
				INFOPLIST_KEY_UIApplicationSupportsIndirectInputEvents = YES;
				INFOPLIST_KEY_UILaunchStoryboardName = LaunchScreen;
				INFOPLIST_KEY_UISupportedInterfaceOrientations = UIInterfaceOrientationPortrait;
				LD_RUNPATH_SEARCH_PATHS = (
					"$(inherited)",
					"@executable_path/Frameworks",
				);
				MARKETING_VERSION = 1.0;
				PRODUCT_BUNDLE_IDENTIFIER = evoroncova.GoodNews;
				PRODUCT_NAME = "$(TARGET_NAME)";
				PROVISIONING_PROFILE_SPECIFIER = "";
				SWIFT_EMIT_LOC_STRINGS = YES;
				SWIFT_VERSION = 5.0;
				TARGETED_DEVICE_FAMILY = "1,2";
			};
			name = Debug;
		};
		F25C787E2CCB6AEB002D8D9B /* Release */ = {
			isa = XCBuildConfiguration;
			buildSettings = {
				ASSETCATALOG_COMPILER_APPICON_NAME = AppIcon;
				ASSETCATALOG_COMPILER_GLOBAL_ACCENT_COLOR_NAME = AccentColor;
				CODE_SIGN_STYLE = Manual;
				CURRENT_PROJECT_VERSION = 1;
				DEVELOPMENT_TEAM = "";
				GENERATE_INFOPLIST_FILE = YES;
				INFOPLIST_FILE = GoodNews/Info.plist;
				INFOPLIST_KEY_UIApplicationSupportsIndirectInputEvents = YES;
				INFOPLIST_KEY_UILaunchStoryboardName = LaunchScreen;
				INFOPLIST_KEY_UISupportedInterfaceOrientations = UIInterfaceOrientationPortrait;
				LD_RUNPATH_SEARCH_PATHS = (
					"$(inherited)",
					"@executable_path/Frameworks",
				);
				MARKETING_VERSION = 1.0;
				PRODUCT_BUNDLE_IDENTIFIER = evoroncova.GoodNews;
				PRODUCT_NAME = "$(TARGET_NAME)";
				PROVISIONING_PROFILE_SPECIFIER = "";
				SWIFT_EMIT_LOC_STRINGS = YES;
				SWIFT_VERSION = 5.0;
				TARGETED_DEVICE_FAMILY = "1,2";
			};
			name = Release;
		};
/* End XCBuildConfiguration section */

/* Begin XCConfigurationList section */
		F25C78632CCB6AEA002D8D9B /* Build configuration list for PBXProject "GoodNews" */ = {
			isa = XCConfigurationList;
			buildConfigurations = (
				F25C787A2CCB6AEB002D8D9B /* Debug */,
				F25C787B2CCB6AEB002D8D9B /* Release */,
			);
			defaultConfigurationIsVisible = 0;
			defaultConfigurationName = Release;
		};
		F25C787C2CCB6AEB002D8D9B /* Build configuration list for PBXNativeTarget "GoodNews" */ = {
			isa = XCConfigurationList;
			buildConfigurations = (
				F25C787D2CCB6AEB002D8D9B /* Debug */,
				F25C787E2CCB6AEB002D8D9B /* Release */,
			);
			defaultConfigurationIsVisible = 0;
			defaultConfigurationName = Release;
		};
/* End XCConfigurationList section */
	};
	rootObject = F25C78602CCB6AEA002D8D9B /* Project object */;
}
